
Microsoft Visual Studio Solution File, Format Version 10.00
# Visual Studio 2008
Project("{FAE04EC0-301F-11D3-BF4B-00C04F79EFBC}") = "AltNorthwind", "AltNorthwind.csproj", "{82094321-0A05-42BA-8743-370608EE0C4C}"
EndProject
Global
	GlobalSection(TeamFoundationVersionControl) = preSolution
		SccNumberOfProjects = 2
		SccEnterpriseProvider = {4CA58AB2-18FA-4F8D-95D4-32DDF27D184C}
		SccTeamFoundationServer = http://192.168.0.23:8082/
		SccLocalPath0 = .
		SccProjectUniqueName1 = AltNorthwind.csproj
		SccLocalPath1 = .
	EndGlobalSection
	GlobalSection(SolutionConfigurationPlatforms) = preSolution
		Debug|Any CPU = Debug|Any CPU
		Release|Any CPU = Release|Any CPU
	EndGlobalSection
	GlobalSection(ProjectConfigurationPlatforms) = postSolution
		{82094321-0A05-42BA-8743-370608EE0C4C}.Debug|Any CPU.ActiveCfg = Debug|Any CPU
		{82094321-0A05-42BA-8743-370608EE0C4C}.Debug|Any CPU.Build.0 = Debug|Any CPU
		{82094321-0A05-42BA-8743-370608EE0C4C}.Release|Any CPU.ActiveCfg = Release|Any CPU
		{82094321-0A05-42BA-8743-370608EE0C4C}.Release|Any CPU.Build.0 = Release|Any CPU
	EndGlobalSection
	GlobalSection(SolutionProperties) = preSolution
		HideSolutionNode = FALSE
	EndGlobalSection
EndGlobal
