
Microsoft Visual Studio Solution File, Format Version 10.00
# Visual Studio 2008
Project("{FAE04EC0-301F-11D3-BF4B-00C04F79EFBC}") = "Telerik.Web.Mvc.HelpProcessor", "Telerik.Web.Mvc.HelpProcessor\Telerik.Web.Mvc.HelpProcessor.csproj", "{1D06B959-E68C-482C-AC8A-7FC6D47962F6}"
EndProject
Global
	GlobalSection(TeamFoundationVersionControl) = preSolution
		SccNumberOfProjects = 2
		SccEnterpriseProvider = {4CA58AB2-18FA-4F8D-95D4-32DDF27D184C}
		SccTeamFoundationServer = http://vss.telerik.com:8082/
		SccLocalPath0 = .
		SccProjectUniqueName1 = Telerik.Web.Mvc.HelpProcessor\\Telerik.Web.Mvc.HelpProcessor.csproj
		SccProjectName1 = Telerik.Web.Mvc.HelpProcessor
		SccLocalPath1 = Telerik.Web.Mvc.HelpProcessor
	EndGlobalSection
	GlobalSection(SolutionConfigurationPlatforms) = preSolution
		Debug|Any CPU = Debug|Any CPU
		Release|Any CPU = Release|Any CPU
	EndGlobalSection
	GlobalSection(ProjectConfigurationPlatforms) = postSolution
		{1D06B959-E68C-482C-AC8A-7FC6D47962F6}.Debug|Any CPU.ActiveCfg = Debug|Any CPU
		{1D06B959-E68C-482C-AC8A-7FC6D47962F6}.Debug|Any CPU.Build.0 = Debug|Any CPU
		{1D06B959-E68C-482C-AC8A-7FC6D47962F6}.Release|Any CPU.ActiveCfg = Release|Any CPU
		{1D06B959-E68C-482C-AC8A-7FC6D47962F6}.Release|Any CPU.Build.0 = Release|Any CPU
	EndGlobalSection
	GlobalSection(SolutionProperties) = preSolution
		HideSolutionNode = FALSE
	EndGlobalSection
EndGlobal
