
Microsoft Visual Studio Solution File, Format Version 10.00
# Visual Studio 2008
Project("{FAE04EC0-301F-11D3-BF4B-00C04F79EFBC}") = "Mvc.UI.jQuery", "Mvc.UI.jQuery\Mvc.UI.jQuery.csproj", "{B07580A0-33CA-4344-9821-9547277A3AEC}"
EndProject
Project("{FAE04EC0-301F-11D3-BF4B-00C04F79EFBC}") = "Mvc.UI.jQuery.Examples", "Mvc.UI.jQuery.Examples\Mvc.UI.jQuery.Examples.csproj", "{20D2320A-51A9-4DC4-ABD3-2F7410620479}"
EndProject
Project("{FAE04EC0-301F-11D3-BF4B-00C04F79EFBC}") = "Mvc.UI.jQuery.UnitTest", "Mvc.UI.jQuery.UnitTest\Mvc.UI.jQuery.UnitTest.csproj", "{2F3EF9F9-BE2D-442F-89AC-21A48C1690D2}"
EndProject
Project("{FAE04EC0-301F-11D3-BF4B-00C04F79EFBC}") = "Telerik.Web.Mvc", "Telerik.Web.Mvc\Telerik.Web.Mvc.csproj", "{A7F7C110-D7F0-49B7-8DDA-FD2D1CC6F3B1}"
EndProject
Project("{FAE04EC0-301F-11D3-BF4B-00C04F79EFBC}") = "Telerik.Web.Mvc.UnitTest", "Telerik.Web.Mvc.UnitTest\Telerik.Web.Mvc.UnitTest.csproj", "{8B8CD7CD-01F9-430B-852A-3B11DE1C2854}"
EndProject
Project("{FAE04EC0-301F-11D3-BF4B-00C04F79EFBC}") = "Mvc.UI.jQuery.Examples.NHaml", "Mvc.UI.jQuery.Examples.NHaml\Mvc.UI.jQuery.Examples.NHaml.csproj", "{28D710D1-7FD3-4B54-A8C8-01F173658980}"
EndProject
Project("{FAE04EC0-301F-11D3-BF4B-00C04F79EFBC}") = "Mvc.UI.jQuery.Examples.Spark", "Mvc.UI.jQuery.Examples.Spark\Mvc.UI.jQuery.Examples.Spark.csproj", "{AEC2112A-D811-470B-8671-946E7BE4BAC8}"
EndProject
Global
	GlobalSection(TeamFoundationVersionControl) = preSolution
		SccNumberOfProjects = 7
		SccEnterpriseProvider = {4CA58AB2-18FA-4F8D-95D4-32DDF27D184C}
		SccTeamFoundationServer = http://vss.telerik.com:8082/
		SccProjectUniqueName0 = Mvc.UI.jQuery\\Mvc.UI.jQuery.csproj
		SccProjectName0 = Mvc.UI.jQuery
		SccAuxPath0 = http://vss.telerik.com:8082
		SccLocalPath0 = Mvc.UI.jQuery
		SccProvider0 = {4CA58AB2-18FA-4F8D-95D4-32DDF27D184C}
		SccProjectUniqueName1 = Mvc.UI.jQuery.Examples\\Mvc.UI.jQuery.Examples.csproj
		SccProjectName1 = Mvc.UI.jQuery.Examples
		SccAuxPath1 = http://vss.telerik.com:8082
		SccLocalPath1 = Mvc.UI.jQuery.Examples
		SccProvider1 = {4CA58AB2-18FA-4F8D-95D4-32DDF27D184C}
		SccProjectUniqueName2 = Mvc.UI.jQuery.UnitTest\\Mvc.UI.jQuery.UnitTest.csproj
		SccProjectName2 = Mvc.UI.jQuery.UnitTest
		SccAuxPath2 = http://vss.telerik.com:8082
		SccLocalPath2 = Mvc.UI.jQuery.UnitTest
		SccProvider2 = {4CA58AB2-18FA-4F8D-95D4-32DDF27D184C}
		SccProjectUniqueName3 = Telerik.Web.Mvc\\Telerik.Web.Mvc.csproj
		SccProjectName3 = Telerik.Web.Mvc
		SccAuxPath3 = http://vss.telerik.com:8082
		SccLocalPath3 = Telerik.Web.Mvc
		SccProvider3 = {4CA58AB2-18FA-4F8D-95D4-32DDF27D184C}
		SccProjectUniqueName4 = Telerik.Web.Mvc.UnitTest\\Telerik.Web.Mvc.UnitTest.csproj
		SccProjectName4 = Telerik.Web.Mvc.UnitTest
		SccAuxPath4 = http://vss.telerik.com:8082
		SccLocalPath4 = Telerik.Web.Mvc.UnitTest
		SccProvider4 = {4CA58AB2-18FA-4F8D-95D4-32DDF27D184C}
		SccProjectUniqueName5 = Mvc.UI.jQuery.Examples.NHaml\\Mvc.UI.jQuery.Examples.NHaml.csproj
		SccProjectName5 = Mvc.UI.jQuery.Examples.NHaml
		SccAuxPath5 = http://vss.telerik.com:8082
		SccLocalPath5 = Mvc.UI.jQuery.Examples.NHaml
		SccProvider5 = {4CA58AB2-18FA-4F8D-95D4-32DDF27D184C}
		SccProjectUniqueName6 = Mvc.UI.jQuery.Examples.Spark\\Mvc.UI.jQuery.Examples.Spark.csproj
		SccProjectName6 = Mvc.UI.jQuery.Examples.Spark
		SccAuxPath6 = http://vss.telerik.com:8082
		SccLocalPath6 = Mvc.UI.jQuery.Examples.Spark
		SccProvider6 = {4CA58AB2-18FA-4F8D-95D4-32DDF27D184C}
	EndGlobalSection
	GlobalSection(SolutionConfigurationPlatforms) = preSolution
		Debug|Any CPU = Debug|Any CPU
		Release|Any CPU = Release|Any CPU
	EndGlobalSection
	GlobalSection(ProjectConfigurationPlatforms) = postSolution
		{B07580A0-33CA-4344-9821-9547277A3AEC}.Debug|Any CPU.ActiveCfg = Debug|Any CPU
		{B07580A0-33CA-4344-9821-9547277A3AEC}.Debug|Any CPU.Build.0 = Debug|Any CPU
		{B07580A0-33CA-4344-9821-9547277A3AEC}.Release|Any CPU.ActiveCfg = Release|Any CPU
		{B07580A0-33CA-4344-9821-9547277A3AEC}.Release|Any CPU.Build.0 = Release|Any CPU
		{20D2320A-51A9-4DC4-ABD3-2F7410620479}.Debug|Any CPU.ActiveCfg = Debug|Any CPU
		{20D2320A-51A9-4DC4-ABD3-2F7410620479}.Debug|Any CPU.Build.0 = Debug|Any CPU
		{20D2320A-51A9-4DC4-ABD3-2F7410620479}.Release|Any CPU.ActiveCfg = Release|Any CPU
		{20D2320A-51A9-4DC4-ABD3-2F7410620479}.Release|Any CPU.Build.0 = Release|Any CPU
		{2F3EF9F9-BE2D-442F-89AC-21A48C1690D2}.Debug|Any CPU.ActiveCfg = Debug|Any CPU
		{2F3EF9F9-BE2D-442F-89AC-21A48C1690D2}.Debug|Any CPU.Build.0 = Debug|Any CPU
		{2F3EF9F9-BE2D-442F-89AC-21A48C1690D2}.Release|Any CPU.ActiveCfg = Release|Any CPU
		{2F3EF9F9-BE2D-442F-89AC-21A48C1690D2}.Release|Any CPU.Build.0 = Release|Any CPU
		{A7F7C110-D7F0-49B7-8DDA-FD2D1CC6F3B1}.Debug|Any CPU.ActiveCfg = Debug|Any CPU
		{A7F7C110-D7F0-49B7-8DDA-FD2D1CC6F3B1}.Debug|Any CPU.Build.0 = Debug|Any CPU
		{A7F7C110-D7F0-49B7-8DDA-FD2D1CC6F3B1}.Release|Any CPU.ActiveCfg = Release|Any CPU
		{A7F7C110-D7F0-49B7-8DDA-FD2D1CC6F3B1}.Release|Any CPU.Build.0 = Release|Any CPU
		{8B8CD7CD-01F9-430B-852A-3B11DE1C2854}.Debug|Any CPU.ActiveCfg = Debug|Any CPU
		{8B8CD7CD-01F9-430B-852A-3B11DE1C2854}.Debug|Any CPU.Build.0 = Debug|Any CPU
		{8B8CD7CD-01F9-430B-852A-3B11DE1C2854}.Release|Any CPU.ActiveCfg = Release|Any CPU
		{8B8CD7CD-01F9-430B-852A-3B11DE1C2854}.Release|Any CPU.Build.0 = Release|Any CPU
		{28D710D1-7FD3-4B54-A8C8-01F173658980}.Debug|Any CPU.ActiveCfg = Debug|Any CPU
		{28D710D1-7FD3-4B54-A8C8-01F173658980}.Debug|Any CPU.Build.0 = Debug|Any CPU
		{28D710D1-7FD3-4B54-A8C8-01F173658980}.Release|Any CPU.ActiveCfg = Release|Any CPU
		{28D710D1-7FD3-4B54-A8C8-01F173658980}.Release|Any CPU.Build.0 = Release|Any CPU
		{AEC2112A-D811-470B-8671-946E7BE4BAC8}.Debug|Any CPU.ActiveCfg = Debug|Any CPU
		{AEC2112A-D811-470B-8671-946E7BE4BAC8}.Debug|Any CPU.Build.0 = Debug|Any CPU
		{AEC2112A-D811-470B-8671-946E7BE4BAC8}.Release|Any CPU.ActiveCfg = Release|Any CPU
		{AEC2112A-D811-470B-8671-946E7BE4BAC8}.Release|Any CPU.Build.0 = Release|Any CPU
	EndGlobalSection
	GlobalSection(SolutionProperties) = preSolution
		HideSolutionNode = FALSE
	EndGlobalSection
EndGlobal
